
Microsoft Visual Studio Solution File, Format Version 12.00
# Visual Studio Version 17
VisualStudioVersion = 17.13.35913.81
MinimumVisualStudioVersion = 10.0.40219.1
Project("{FAE04EC0-301F-11D3-BF4B-00C04F79EFBC}") = "JudgeBarMashVP", "JudgeBarMashVP\JudgeBarMashVP.csproj", "{37C4CF33-B7DA-467A-BBB7-4E699622A96C}"
EndProject
Global
	GlobalSection(SolutionConfigurationPlatforms) = preSolution
		Debug|Any CPU = Debug|Any CPU
		Debug|x64 = Debug|x64
		Release|Any CPU = Release|Any CPU
		Release|x64 = Release|x64
	EndGlobalSection
	GlobalSection(ProjectConfigurationPlatforms) = postSolution
		{37C4CF33-B7DA-467A-BBB7-4E699622A96C}.Debug|Any CPU.ActiveCfg = Debug|Any CPU
		{37C4CF33-B7DA-467A-BBB7-4E699622A96C}.Debug|Any CPU.Build.0 = Debug|Any CPU
		{37C4CF33-B7DA-467A-BBB7-4E699622A96C}.Debug|x64.ActiveCfg = Debug|x64
		{37C4CF33-B7DA-467A-BBB7-4E699622A96C}.Debug|x64.Build.0 = Debug|x64
		{37C4CF33-B7DA-467A-BBB7-4E699622A96C}.Release|Any CPU.ActiveCfg = Release|Any CPU
		{37C4CF33-B7DA-467A-BBB7-4E699622A96C}.Release|Any CPU.Build.0 = Release|Any CPU
		{37C4CF33-B7DA-467A-BBB7-4E699622A96C}.Release|x64.ActiveCfg = Release|x64
		{37C4CF33-B7DA-467A-BBB7-4E699622A96C}.Release|x64.Build.0 = Release|x64
	EndGlobalSection
	GlobalSection(SolutionProperties) = preSolution
		HideSolutionNode = FALSE
	EndGlobalSection
	GlobalSection(ExtensibilityGlobals) = postSolution
		SolutionGuid = {A8AEE9C7-A15C-4104-9D94-E7B9A4311630}
	EndGlobalSection
EndGlobal
